// !$*UTF8*$!
{
	archiveVersion = 1;
	classes = {
	};
	objectVersion = 46;
	objects = {

/* Begin PBXBuildFile section */
		22928F251A994D1D003CF843 /* main.m in Sources */ = {isa = PBXBuildFile; fileRef = 22928F241A994D1D003CF843 /* main.m */; };
		22928F281A994D1D003CF843 /* AppDelegate.m in Sources */ = {isa = PBXBuildFile; fileRef = 22928F271A994D1D003CF843 /* AppDelegate.m */; };
		22928F2B1A994D1D003CF843 /* ViewController.m in Sources */ = {isa = PBXBuildFile; fileRef = 22928F2A1A994D1D003CF843 /* ViewController.m */; };
		22928F2E1A994D1D003CF843 /* Main.storyboard in Resources */ = {isa = PBXBuildFile; fileRef = 22928F2C1A994D1D003CF843 /* Main.storyboard */; };
		22928F301A994D1D003CF843 /* Images.xcassets in Resources */ = {isa = PBXBuildFile; fileRef = 22928F2F1A994D1D003CF843 /* Images.xcassets */; };
		22928F331A994D1D003CF843 /* LaunchScreen.xib in Resources */ = {isa = PBXBuildFile; fileRef = 22928F311A994D1D003CF843 /* LaunchScreen.xib */; };
		22928F3F1A994D1D003CF843 /* ImageGuitarTests.m in Sources */ = {isa = PBXBuildFile; fileRef = 22928F3E1A994D1D003CF843 /* ImageGuitarTests.m */; };
		6DB9ECCE7793730EE2C22ADA /* libPods-ImageGuitar.a in Frameworks */ = {isa = PBXBuildFile; fileRef = E3E4DB6CDEF81EB4F8D3FBCC /* libPods-ImageGuitar.a */; };
/* End PBXBuildFile section */

/* Begin PBXContainerItemProxy section */
		22928F391A994D1D003CF843 /* PBXContainerItemProxy */ = {
			isa = PBXContainerItemProxy;
			containerPortal = 22928F171A994D1D003CF843 /* Project object */;
			proxyType = 1;
			remoteGlobalIDString = 22928F1E1A994D1D003CF843;
			remoteInfo = ImageGuitar;
		};
/* End PBXContainerItemProxy section */

/* Begin PBXFileReference section */
		22928F1F1A994D1D003CF843 /* ImageGuitar.app */ = {isa = PBXFileReference; explicitFileType = wrapper.application; includeInIndex = 0; path = ImageGuitar.app; sourceTree = BUILT_PRODUCTS_DIR; };
		22928F231A994D1D003CF843 /* Info.plist */ = {isa = PBXFileReference; lastKnownFileType = text.plist.xml; path = Info.plist; sourceTree = "<group>"; };
		22928F241A994D1D003CF843 /* main.m */ = {isa = PBXFileReference; lastKnownFileType = sourcecode.c.objc; path = main.m; sourceTree = "<group>"; };
		22928F261A994D1D003CF843 /* AppDelegate.h */ = {isa = PBXFileReference; lastKnownFileType = sourcecode.c.h; path = AppDelegate.h; sourceTree = "<group>"; };
		22928F271A994D1D003CF843 /* AppDelegate.m */ = {isa = PBXFileReference; lastKnownFileType = sourcecode.c.objc; path = AppDelegate.m; sourceTree = "<group>"; };
		22928F291A994D1D003CF843 /* ViewController.h */ = {isa = PBXFileReference; lastKnownFileType = sourcecode.c.h; path = ViewController.h; sourceTree = "<group>"; };
		22928F2A1A994D1D003CF843 /* ViewController.m */ = {isa = PBXFileReference; lastKnownFileType = sourcecode.c.objc; path = ViewController.m; sourceTree = "<group>"; };
		22928F2D1A994D1D003CF843 /* Base */ = {isa = PBXFileReference; lastKnownFileType = file.storyboard; name = Base; path = Base.lproj/Main.storyboard; sourceTree = "<group>"; };
		22928F2F1A994D1D003CF843 /* Images.xcassets */ = {isa = PBXFileReference; lastKnownFileType = folder.assetcatalog; path = Images.xcassets; sourceTree = "<group>"; };
		22928F321A994D1D003CF843 /* Base */ = {isa = PBXFileReference; lastKnownFileType = file.xib; name = Base; path = Base.lproj/LaunchScreen.xib; sourceTree = "<group>"; };
		22928F381A994D1D003CF843 /* ImageGuitarTests.xctest */ = {isa = PBXFileReference; explicitFileType = wrapper.cfbundle; includeInIndex = 0; path = ImageGuitarTests.xctest; sourceTree = BUILT_PRODUCTS_DIR; };
		22928F3D1A994D1D003CF843 /* Info.plist */ = {isa = PBXFileReference; lastKnownFileType = text.plist.xml; path = Info.plist; sourceTree = "<group>"; };
		22928F3E1A994D1D003CF843 /* ImageGuitarTests.m */ = {isa = PBXFileReference; lastKnownFileType = sourcecode.c.objc; path = ImageGuitarTests.m; sourceTree = "<group>"; };
		2D0FB7CEA33FCEB3F21B7547 /* Pods-ImageGuitar.release.xcconfig */ = {isa = PBXFileReference; includeInIndex = 1; lastKnownFileType = text.xcconfig; name = "Pods-ImageGuitar.release.xcconfig"; path = "Pods/Target Support Files/Pods-ImageGuitar/Pods-ImageGuitar.release.xcconfig"; sourceTree = "<group>"; };
		520D3EBF57D7725B4A59BC4D /* Pods-ImageGuitar.debug.xcconfig */ = {isa = PBXFileReference; includeInIndex = 1; lastKnownFileType = text.xcconfig; name = "Pods-ImageGuitar.debug.xcconfig"; path = "Pods/Target Support Files/Pods-ImageGuitar/Pods-ImageGuitar.debug.xcconfig"; sourceTree = "<group>"; };
		E3E4DB6CDEF81EB4F8D3FBCC /* libPods-ImageGuitar.a */ = {isa = PBXFileReference; explicitFileType = archive.ar; includeInIndex = 0; path = "libPods-ImageGuitar.a"; sourceTree = BUILT_PRODUCTS_DIR; };
/* End PBXFileReference section */

/* Begin PBXFrameworksBuildPhase section */
		22928F1C1A994D1D003CF843 /* Frameworks */ = {
			isa = PBXFrameworksBuildPhase;
			buildActionMask = 2147483647;
			files = (
				6DB9ECCE7793730EE2C22ADA /* libPods-ImageGuitar.a in Frameworks */,
			);
			runOnlyForDeploymentPostprocessing = 0;
		};
		22928F351A994D1D003CF843 /* Frameworks */ = {
			isa = PBXFrameworksBuildPhase;
			buildActionMask = 2147483647;
			files = (
			);
			runOnlyForDeploymentPostprocessing = 0;
		};
/* End PBXFrameworksBuildPhase section */

/* Begin PBXGroup section */
		22928F161A994D1D003CF843 = {
			isa = PBXGroup;
			children = (
				22928F211A994D1D003CF843 /* ImageGuitar */,
				22928F3B1A994D1D003CF843 /* ImageGuitarTests */,
				22928F201A994D1D003CF843 /* Products */,
				63F3628EA47179D66D0082FF /* Pods */,
				D786F9DE0105AB02A4025112 /* Frameworks */,
			);
			sourceTree = "<group>";
		};
		22928F201A994D1D003CF843 /* Products */ = {
			isa = PBXGroup;
			children = (
				22928F1F1A994D1D003CF843 /* ImageGuitar.app */,
				22928F381A994D1D003CF843 /* ImageGuitarTests.xctest */,
			);
			name = Products;
			sourceTree = "<group>";
		};
		22928F211A994D1D003CF843 /* ImageGuitar */ = {
			isa = PBXGroup;
			children = (
				22928F261A994D1D003CF843 /* AppDelegate.h */,
				22928F271A994D1D003CF843 /* AppDelegate.m */,
				22928F291A994D1D003CF843 /* ViewController.h */,
				22928F2A1A994D1D003CF843 /* ViewController.m */,
				22928F2C1A994D1D003CF843 /* Main.storyboard */,
				22928F2F1A994D1D003CF843 /* Images.xcassets */,
				22928F311A994D1D003CF843 /* LaunchScreen.xib */,
				22928F221A994D1D003CF843 /* Supporting Files */,
			);
			path = ImageGuitar;
			sourceTree = "<group>";
		};
		22928F221A994D1D003CF843 /* Supporting Files */ = {
			isa = PBXGroup;
			children = (
				22928F231A994D1D003CF843 /* Info.plist */,
				22928F241A994D1D003CF843 /* main.m */,
			);
			name = "Supporting Files";
			sourceTree = "<group>";
		};
		22928F3B1A994D1D003CF843 /* ImageGuitarTests */ = {
			isa = PBXGroup;
			children = (
				22928F3E1A994D1D003CF843 /* ImageGuitarTests.m */,
				22928F3C1A994D1D003CF843 /* Supporting Files */,
			);
			path = ImageGuitarTests;
			sourceTree = "<group>";
		};
		22928F3C1A994D1D003CF843 /* Supporting Files */ = {
			isa = PBXGroup;
			children = (
				22928F3D1A994D1D003CF843 /* Info.plist */,
			);
			name = "Supporting Files";
			sourceTree = "<group>";
		};
		63F3628EA47179D66D0082FF /* Pods */ = {
			isa = PBXGroup;
			children = (
				520D3EBF57D7725B4A59BC4D /* Pods-ImageGuitar.debug.xcconfig */,
				2D0FB7CEA33FCEB3F21B7547 /* Pods-ImageGuitar.release.xcconfig */,
			);
			name = Pods;
			sourceTree = "<group>";
		};
		D786F9DE0105AB02A4025112 /* Frameworks */ = {
			isa = PBXGroup;
			children = (
				E3E4DB6CDEF81EB4F8D3FBCC /* libPods-ImageGuitar.a */,
			);
			name = Frameworks;
			sourceTree = "<group>";
		};
/* End PBXGroup section */

/* Begin PBXNativeTarget section */
		22928F1E1A994D1D003CF843 /* ImageGuitar */ = {
			isa = PBXNativeTarget;
			buildConfigurationList = 22928F421A994D1D003CF843 /* Build configuration list for PBXNativeTarget "ImageGuitar" */;
			buildPhases = (
				7D123334DDC61A8B4E628104 /* Check Pods Manifest.lock */,
				22928F1B1A994D1D003CF843 /* Sources */,
				22928F1C1A994D1D003CF843 /* Frameworks */,
				22928F1D1A994D1D003CF843 /* Resources */,
				B6D8F9FA6B2E904BC9ABE24B /* Copy Pods Resources */,
			);
			buildRules = (
			);
			dependencies = (
			);
			name = ImageGuitar;
			productName = ImageGuitar;
			productReference = 22928F1F1A994D1D003CF843 /* ImageGuitar.app */;
			productType = "com.apple.product-type.application";
		};
		22928F371A994D1D003CF843 /* ImageGuitarTests */ = {
			isa = PBXNativeTarget;
			buildConfigurationList = 22928F451A994D1D003CF843 /* Build configuration list for PBXNativeTarget "ImageGuitarTests" */;
			buildPhases = (
				22928F341A994D1D003CF843 /* Sources */,
				22928F351A994D1D003CF843 /* Frameworks */,
				22928F361A994D1D003CF843 /* Resources */,
			);
			buildRules = (
			);
			dependencies = (
				22928F3A1A994D1D003CF843 /* PBXTargetDependency */,
			);
			name = ImageGuitarTests;
			productName = ImageGuitarTests;
			productReference = 22928F381A994D1D003CF843 /* ImageGuitarTests.xctest */;
			productType = "com.apple.product-type.bundle.unit-test";
		};
/* End PBXNativeTarget section */

/* Begin PBXProject section */
		22928F171A994D1D003CF843 /* Project object */ = {
			isa = PBXProject;
			attributes = {
				LastUpgradeCheck = 0610;
				ORGANIZATIONNAME = "Sam Crognale";
				TargetAttributes = {
					22928F1E1A994D1D003CF843 = {
						CreatedOnToolsVersion = 6.1.1;
					};
					22928F371A994D1D003CF843 = {
						CreatedOnToolsVersion = 6.1.1;
						TestTargetID = 22928F1E1A994D1D003CF843;
					};
				};
			};
			buildConfigurationList = 22928F1A1A994D1D003CF843 /* Build configuration list for PBXProject "ImageGuitar" */;
			compatibilityVersion = "Xcode 3.2";
			developmentRegion = English;
			hasScannedForEncodings = 0;
			knownRegions = (
				en,
				Base,
			);
			mainGroup = 22928F161A994D1D003CF843;
			productRefGroup = 22928F201A994D1D003CF843 /* Products */;
			projectDirPath = "";
			projectRoot = "";
			targets = (
				22928F1E1A994D1D003CF843 /* ImageGuitar */,
				22928F371A994D1D003CF843 /* ImageGuitarTests */,
			);
		};
/* End PBXProject section */

/* Begin PBXResourcesBuildPhase section */
		22928F1D1A994D1D003CF843 /* Resources */ = {
			isa = PBXResourcesBuildPhase;
			buildActionMask = 2147483647;
			files = (
				22928F2E1A994D1D003CF843 /* Main.storyboard in Resources */,
				22928F331A994D1D003CF843 /* LaunchScreen.xib in Resources */,
				22928F301A994D1D003CF843 /* Images.xcassets in Resources */,
			);
			runOnlyForDeploymentPostprocessing = 0;
		};
		22928F361A994D1D003CF843 /* Resources */ = {
			isa = PBXResourcesBuildPhase;
			buildActionMask = 2147483647;
			files = (
			);
			runOnlyForDeploymentPostprocessing = 0;
		};
/* End PBXResourcesBuildPhase section */

/* Begin PBXShellScriptBuildPhase section */
		7D123334DDC61A8B4E628104 /* Check Pods Manifest.lock */ = {
			isa = PBXShellScriptBuildPhase;
			buildActionMask = 2147483647;
			files = (
			);
			inputPaths = (
			);
			name = "Check Pods Manifest.lock";
			outputPaths = (
			);
			runOnlyForDeploymentPostprocessing = 0;
			shellPath = /bin/sh;
			shellScript = "diff \"${PODS_ROOT}/../Podfile.lock\" \"${PODS_ROOT}/Manifest.lock\" > /dev/null\nif [[ $? != 0 ]] ; then\n    cat << EOM\nerror: The sandbox is not in sync with the Podfile.lock. Run 'pod install' or update your CocoaPods installation.\nEOM\n    exit 1\nfi\n";
			showEnvVarsInLog = 0;
		};
		B6D8F9FA6B2E904BC9ABE24B /* Copy Pods Resources */ = {
			isa = PBXShellScriptBuildPhase;
			buildActionMask = 2147483647;
			files = (
			);
			inputPaths = (
			);
			name = "Copy Pods Resources";
			outputPaths = (
			);
			runOnlyForDeploymentPostprocessing = 0;
			shellPath = /bin/sh;
			shellScript = "\"${SRCROOT}/Pods/Target Support Files/Pods-ImageGuitar/Pods-ImageGuitar-resources.sh\"\n";
			showEnvVarsInLog = 0;
		};
/* End PBXShellScriptBuildPhase section */

/* Begin PBXSourcesBuildPhase section */
		22928F1B1A994D1D003CF843 /* Sources */ = {
			isa = PBXSourcesBuildPhase;
			buildActionMask = 2147483647;
			files = (
				22928F2B1A994D1D003CF843 /* ViewController.m in Sources */,
				22928F281A994D1D003CF843 /* AppDelegate.m in Sources */,
				22928F251A994D1D003CF843 /* main.m in Sources */,
			);
			runOnlyForDeploymentPostprocessing = 0;
		};
		22928F341A994D1D003CF843 /* Sources */ = {
			isa = PBXSourcesBuildPhase;
			buildActionMask = 2147483647;
			files = (
				22928F3F1A994D1D003CF843 /* ImageGuitarTests.m in Sources */,
			);
			runOnlyForDeploymentPostprocessing = 0;
		};
/* End PBXSourcesBuildPhase section */

/* Begin PBXTargetDependency section */
		22928F3A1A994D1D003CF843 /* PBXTargetDependency */ = {
			isa = PBXTargetDependency;
			target = 22928F1E1A994D1D003CF843 /* ImageGuitar */;
			targetProxy = 22928F391A994D1D003CF843 /* PBXContainerItemProxy */;
		};
/* End PBXTargetDependency section */

/* Begin PBXVariantGroup section */
		22928F2C1A994D1D003CF843 /* Main.storyboard */ = {
			isa = PBXVariantGroup;
			children = (
				22928F2D1A994D1D003CF843 /* Base */,
			);
			name = Main.storyboard;
			sourceTree = "<group>";
		};
		22928F311A994D1D003CF843 /* LaunchScreen.xib */ = {
			isa = PBXVariantGroup;
			children = (
				22928F321A994D1D003CF843 /* Base */,
			);
			name = LaunchScreen.xib;
			sourceTree = "<group>";
		};
/* End PBXVariantGroup section */

/* Begin XCBuildConfiguration section */
		22928F401A994D1D003CF843 /* Debug */ = {
			isa = XCBuildConfiguration;
			buildSettings = {
				ALWAYS_SEARCH_USER_PATHS = NO;
				CLANG_CXX_LANGUAGE_STANDARD = "gnu++0x";
				CLANG_CXX_LIBRARY = "libc++";
				CLANG_ENABLE_MODULES = YES;
				CLANG_ENABLE_OBJC_ARC = YES;
				CLANG_WARN_BOOL_CONVERSION = YES;
				CLANG_WARN_CONSTANT_CONVERSION = YES;
				CLANG_WARN_DIRECT_OBJC_ISA_USAGE = YES_ERROR;
				CLANG_WARN_EMPTY_BODY = YES;
				CLANG_WARN_ENUM_CONVERSION = YES;
				CLANG_WARN_INT_CONVERSION = YES;
				CLANG_WARN_OBJC_ROOT_CLASS = YES_ERROR;
				CLANG_WARN_UNREACHABLE_CODE = YES;
				CLANG_WARN__DUPLICATE_METHOD_MATCH = YES;
				"CODE_SIGN_IDENTITY[sdk=iphoneos*]" = "iPhone Developer";
				COPY_PHASE_STRIP = NO;
				ENABLE_STRICT_OBJC_MSGSEND = YES;
				GCC_C_LANGUAGE_STANDARD = gnu99;
				GCC_DYNAMIC_NO_PIC = NO;
				GCC_OPTIMIZATION_LEVEL = 0;
				GCC_PREPROCESSOR_DEFINITIONS = (
					"DEBUG=1",
					"$(inherited)",
				);
				GCC_SYMBOLS_PRIVATE_EXTERN = NO;
				GCC_WARN_64_TO_32_BIT_CONVERSION = YES;
				GCC_WARN_ABOUT_RETURN_TYPE = YES_ERROR;
				GCC_WARN_UNDECLARED_SELECTOR = YES;
				GCC_WARN_UNINITIALIZED_AUTOS = YES_AGGRESSIVE;
				GCC_WARN_UNUSED_FUNCTION = YES;
				GCC_WARN_UNUSED_VARIABLE = YES;
				IPHONEOS_DEPLOYMENT_TARGET = 8.1;
				MTL_ENABLE_DEBUG_INFO = YES;
				ONLY_ACTIVE_ARCH = YES;
				SDKROOT = iphoneos;
			};
			name = Debug;
		};
		22928F411A994D1D003CF843 /* Release */ = {
			isa = XCBuildConfiguration;
			buildSettings = {
				ALWAYS_SEARCH_USER_PATHS = NO;
				CLANG_CXX_LANGUAGE_STANDARD = "gnu++0x";
				CLANG_CXX_LIBRARY = "libc++";
				CLANG_ENABLE_MODULES = YES;
				CLANG_ENABLE_OBJC_ARC = YES;
				CLANG_WARN_BOOL_CONVERSION = YES;
				CLANG_WARN_CONSTANT_CONVERSION = YES;
				CLANG_WARN_DIRECT_OBJC_ISA_USAGE = YES_ERROR;
				CLANG_WARN_EMPTY_BODY = YES;
				CLANG_WARN_ENUM_CONVERSION = YES;
				CLANG_WARN_INT_CONVERSION = YES;
				CLANG_WARN_OBJC_ROOT_CLASS = YES_ERROR;
				CLANG_WARN_UNREACHABLE_CODE = YES;
				CLANG_WARN__DUPLICATE_METHOD_MATCH = YES;
				"CODE_SIGN_IDENTITY[sdk=iphoneos*]" = "iPhone Developer";
				COPY_PHASE_STRIP = YES;
				ENABLE_NS_ASSERTIONS = NO;
				ENABLE_STRICT_OBJC_MSGSEND = YES;
				GCC_C_LANGUAGE_STANDARD = gnu99;
				GCC_WARN_64_TO_32_BIT_CONVERSION = YES;
				GCC_WARN_ABOUT_RETURN_TYPE = YES_ERROR;
				GCC_WARN_UNDECLARED_SELECTOR = YES;
				GCC_WARN_UNINITIALIZED_AUTOS = YES_AGGRESSIVE;
				GCC_WARN_UNUSED_FUNCTION = YES;
				GCC_WARN_UNUSED_VARIABLE = YES;
				IPHONEOS_DEPLOYMENT_TARGET = 8.1;
				MTL_ENABLE_DEBUG_INFO = NO;
				SDKROOT = iphoneos;
				VALIDATE_PRODUCT = YES;
			};
			name = Release;
		};
		22928F431A994D1D003CF843 /* Debug */ = {
			isa = XCBuildConfiguration;
			baseConfigurationReference = 520D3EBF57D7725B4A59BC4D /* Pods-ImageGuitar.debug.xcconfig */;
			buildSettings = {
				ASSETCATALOG_COMPILER_APPICON_NAME = AppIcon;
				INFOPLIST_FILE = ImageGuitar/Info.plist;
				LD_RUNPATH_SEARCH_PATHS = "$(inherited) @executable_path/Frameworks";
				PRODUCT_NAME = "$(TARGET_NAME)";
			};
			name = Debug;
		};
		22928F441A994D1D003CF843 /* Release */ = {
			isa = XCBuildConfiguration;
			baseConfigurationReference = 2D0FB7CEA33FCEB3F21B7547 /* Pods-ImageGuitar.release.xcconfig */;
			buildSettings = {
				ASSETCATALOG_COMPILER_APPICON_NAME = AppIcon;
				INFOPLIST_FILE = ImageGuitar/Info.plist;
				LD_RUNPATH_SEARCH_PATHS = "$(inherited) @executable_path/Frameworks";
				PRODUCT_NAME = "$(TARGET_NAME)";
			};
			name = Release;
		};
		22928F461A994D1D003CF843 /* Debug */ = {
			isa = XCBuildConfiguration;
			buildSettings = {
				BUNDLE_LOADER = "$(TEST_HOST)";
				FRAMEWORK_SEARCH_PATHS = (
					"$(SDKROOT)/Developer/Library/Frameworks",
					"$(inherited)",
				);
				GCC_PREPROCESSOR_DEFINITIONS = (
					"DEBUG=1",
					"$(inherited)",
				);
				INFOPLIST_FILE = ImageGuitarTests/Info.plist;
				LD_RUNPATH_SEARCH_PATHS = "$(inherited) @executable_path/Frameworks @loader_path/Frameworks";
				PRODUCT_NAME = "$(TARGET_NAME)";
				TEST_HOST = "$(BUILT_PRODUCTS_DIR)/ImageGuitar.app/ImageGuitar";
			};
			name = Debug;
		};
		22928F471A994D1D003CF843 /* Release */ = {
			isa = XCBuildConfiguration;
			buildSettings = {
				BUNDLE_LOADER = "$(TEST_HOST)";
				FRAMEWORK_SEARCH_PATHS = (
					"$(SDKROOT)/Developer/Library/Frameworks",
					"$(inherited)",
				);
				INFOPLIST_FILE = ImageGuitarTests/Info.plist;
				LD_RUNPATH_SEARCH_PATHS = "$(inherited) @executable_path/Frameworks @loader_path/Frameworks";
				PRODUCT_NAME = "$(TARGET_NAME)";
				TEST_HOST = "$(BUILT_PRODUCTS_DIR)/ImageGuitar.app/ImageGuitar";
			};
			name = Release;
		};
/* End XCBuildConfiguration section */

/* Begin XCConfigurationList section */
		22928F1A1A994D1D003CF843 /* Build configuration list for PBXProject "ImageGuitar" */ = {
			isa = XCConfigurationList;
			buildConfigurations = (
				22928F401A994D1D003CF843 /* Debug */,
				22928F411A994D1D003CF843 /* Release */,
			);
			defaultConfigurationIsVisible = 0;
			defaultConfigurationName = Release;
		};
		22928F421A994D1D003CF843 /* Build configuration list for PBXNativeTarget "ImageGuitar" */ = {
			isa = XCConfigurationList;
			buildConfigurations = (
				22928F431A994D1D003CF843 /* Debug */,
				22928F441A994D1D003CF843 /* Release */,
			);
			defaultConfigurationIsVisible = 0;
			defaultConfigurationName = Release;
		};
		22928F451A994D1D003CF843 /* Build configuration list for PBXNativeTarget "ImageGuitarTests" */ = {
			isa = XCConfigurationList;
			buildConfigurations = (
				22928F461A994D1D003CF843 /* Debug */,
				22928F471A994D1D003CF843 /* Release */,
			);
			defaultConfigurationIsVisible = 0;
			defaultConfigurationName = Release;
		};
/* End XCConfigurationList section */
	};
	rootObject = 22928F171A994D1D003CF843 /* Project object */;
}
